// !$*UTF8*$!
{
	archiveVersion = 1;
	classes = {
	};
	objectVersion = 56;
	objects = {

/* Begin PBXBuildFile section */
		322CE91429E91B7B0061BC59 /* AppDelegate.swift in Sources */ = {isa = PBXBuildFile; fileRef = 322CE91329E91B7B0061BC59 /* AppDelegate.swift */; };
		322CE91629E91B7B0061BC59 /* SceneDelegate.swift in Sources */ = {isa = PBXBuildFile; fileRef = 322CE91529E91B7B0061BC59 /* SceneDelegate.swift */; };
		322CE91829E91B7B0061BC59 /* ViewController.swift in Sources */ = {isa = PBXBuildFile; fileRef = 322CE91729E91B7B0061BC59 /* ViewController.swift */; };
		322CE91B29E91B7B0061BC59 /* Main.storyboard in Resources */ = {isa = PBXBuildFile; fileRef = 322CE91929E91B7B0061BC59 /* Main.storyboard */; };
		322CE91E29E91B7B0061BC59 /* Twitter.xcdatamodeld in Sources */ = {isa = PBXBuildFile; fileRef = 322CE91C29E91B7B0061BC59 /* Twitter.xcdatamodeld */; };
		322CE92029E91B7C0061BC59 /* Assets.xcassets in Resources */ = {isa = PBXBuildFile; fileRef = 322CE91F29E91B7C0061BC59 /* Assets.xcassets */; };
		322CE92329E91B7C0061BC59 /* LaunchScreen.storyboard in Resources */ = {isa = PBXBuildFile; fileRef = 322CE92129E91B7C0061BC59 /* LaunchScreen.storyboard */; };
		322CE92D29E9627D0061BC59 /* LoginPage.swift in Sources */ = {isa = PBXBuildFile; fileRef = 322CE92C29E9627D0061BC59 /* LoginPage.swift */; };
		322CE92F29EA76AA0061BC59 /* ForgotPassword.swift in Sources */ = {isa = PBXBuildFile; fileRef = 322CE92E29EA76AA0061BC59 /* ForgotPassword.swift */; };
		322CE93129EA80880061BC59 /* CreateAccountPage.swift in Sources */ = {isa = PBXBuildFile; fileRef = 322CE93029EA80880061BC59 /* CreateAccountPage.swift */; };
		3231C04329EAAFB8001A542D /* SignUpMain.swift in Sources */ = {isa = PBXBuildFile; fileRef = 3231C04229EAAFB8001A542D /* SignUpMain.swift */; };
		3268299029EE6126001E1DB1 /* RedioButtonPage.swift in Sources */ = {isa = PBXBuildFile; fileRef = 3268298F29EE6126001E1DB1 /* RedioButtonPage.swift */; };
		3268299229EE7254001E1DB1 /* DPOTPView.swift in Sources */ = {isa = PBXBuildFile; fileRef = 3268299129EE7254001E1DB1 /* DPOTPView.swift */; };
		3268299529EE72AD001E1DB1 /* DPOTPView in Frameworks */ = {isa = PBXBuildFile; productRef = 3268299429EE72AD001E1DB1 /* DPOTPView */; };
/* End PBXBuildFile section */

/* Begin PBXFileReference section */
		322CE91029E91B7B0061BC59 /* Twitter.app */ = {isa = PBXFileReference; explicitFileType = wrapper.application; includeInIndex = 0; path = Twitter.app; sourceTree = BUILT_PRODUCTS_DIR; };
		322CE91329E91B7B0061BC59 /* AppDelegate.swift */ = {isa = PBXFileReference; lastKnownFileType = sourcecode.swift; path = AppDelegate.swift; sourceTree = "<group>"; };
		322CE91529E91B7B0061BC59 /* SceneDelegate.swift */ = {isa = PBXFileReference; lastKnownFileType = sourcecode.swift; path = SceneDelegate.swift; sourceTree = "<group>"; };
		322CE91729E91B7B0061BC59 /* ViewController.swift */ = {isa = PBXFileReference; lastKnownFileType = sourcecode.swift; path = ViewController.swift; sourceTree = "<group>"; };
		322CE91A29E91B7B0061BC59 /* Base */ = {isa = PBXFileReference; lastKnownFileType = file.storyboard; name = Base; path = Base.lproj/Main.storyboard; sourceTree = "<group>"; };
		322CE91D29E91B7B0061BC59 /* Twitter.xcdatamodel */ = {isa = PBXFileReference; lastKnownFileType = wrapper.xcdatamodel; path = Twitter.xcdatamodel; sourceTree = "<group>"; };
		322CE91F29E91B7C0061BC59 /* Assets.xcassets */ = {isa = PBXFileReference; lastKnownFileType = folder.assetcatalog; path = Assets.xcassets; sourceTree = "<group>"; };
		322CE92229E91B7C0061BC59 /* Base */ = {isa = PBXFileReference; lastKnownFileType = file.storyboard; name = Base; path = Base.lproj/LaunchScreen.storyboard; sourceTree = "<group>"; };
		322CE92429E91B7C0061BC59 /* Info.plist */ = {isa = PBXFileReference; lastKnownFileType = text.plist.xml; path = Info.plist; sourceTree = "<group>"; };
		322CE92C29E9627D0061BC59 /* LoginPage.swift */ = {isa = PBXFileReference; lastKnownFileType = sourcecode.swift; path = LoginPage.swift; sourceTree = "<group>"; };
		322CE92E29EA76AA0061BC59 /* ForgotPassword.swift */ = {isa = PBXFileReference; lastKnownFileType = sourcecode.swift; path = ForgotPassword.swift; sourceTree = "<group>"; };
		322CE93029EA80880061BC59 /* CreateAccountPage.swift */ = {isa = PBXFileReference; lastKnownFileType = sourcecode.swift; path = CreateAccountPage.swift; sourceTree = "<group>"; };
		3231C04229EAAFB8001A542D /* SignUpMain.swift */ = {isa = PBXFileReference; lastKnownFileType = sourcecode.swift; path = SignUpMain.swift; sourceTree = "<group>"; };
		3268298F29EE6126001E1DB1 /* RedioButtonPage.swift */ = {isa = PBXFileReference; lastKnownFileType = sourcecode.swift; path = RedioButtonPage.swift; sourceTree = "<group>"; };
		3268299129EE7254001E1DB1 /* DPOTPView.swift */ = {isa = PBXFileReference; lastKnownFileType = sourcecode.swift; path = DPOTPView.swift; sourceTree = "<group>"; };
/* End PBXFileReference section */

/* Begin PBXFrameworksBuildPhase section */
		322CE90D29E91B7B0061BC59 /* Frameworks */ = {
			isa = PBXFrameworksBuildPhase;
			buildActionMask = 2147483647;
			files = (
				3268299529EE72AD001E1DB1 /* DPOTPView in Frameworks */,
			);
			runOnlyForDeploymentPostprocessing = 0;
		};
/* End PBXFrameworksBuildPhase section */

/* Begin PBXGroup section */
		322CE90729E91B7B0061BC59 = {
			isa = PBXGroup;
			children = (
				322CE91229E91B7B0061BC59 /* Twitter */,
				322CE91129E91B7B0061BC59 /* Products */,
			);
			sourceTree = "<group>";
		};
		322CE91129E91B7B0061BC59 /* Products */ = {
			isa = PBXGroup;
			children = (
				322CE91029E91B7B0061BC59 /* Twitter.app */,
			);
			name = Products;
			sourceTree = "<group>";
		};
		322CE91229E91B7B0061BC59 /* Twitter */ = {
			isa = PBXGroup;
			children = (
				322CE91329E91B7B0061BC59 /* AppDelegate.swift */,
				322CE91529E91B7B0061BC59 /* SceneDelegate.swift */,
				322CE91729E91B7B0061BC59 /* ViewController.swift */,
				322CE91929E91B7B0061BC59 /* Main.storyboard */,
				3268298F29EE6126001E1DB1 /* RedioButtonPage.swift */,
				3268299129EE7254001E1DB1 /* DPOTPView.swift */,
				3231C04229EAAFB8001A542D /* SignUpMain.swift */,
				322CE93029EA80880061BC59 /* CreateAccountPage.swift */,
				322CE92E29EA76AA0061BC59 /* ForgotPassword.swift */,
				322CE92C29E9627D0061BC59 /* LoginPage.swift */,
				322CE91F29E91B7C0061BC59 /* Assets.xcassets */,
				322CE92129E91B7C0061BC59 /* LaunchScreen.storyboard */,
				322CE92429E91B7C0061BC59 /* Info.plist */,
				322CE91C29E91B7B0061BC59 /* Twitter.xcdatamodeld */,
			);
			path = Twitter;
			sourceTree = "<group>";
		};
/* End PBXGroup section */

/* Begin PBXNativeTarget section */
		322CE90F29E91B7B0061BC59 /* Twitter */ = {
			isa = PBXNativeTarget;
			buildConfigurationList = 322CE92729E91B7C0061BC59 /* Build configuration list for PBXNativeTarget "Twitter" */;
			buildPhases = (
				322CE90C29E91B7B0061BC59 /* Sources */,
				322CE90D29E91B7B0061BC59 /* Frameworks */,
				322CE90E29E91B7B0061BC59 /* Resources */,
			);
			buildRules = (
			);
			dependencies = (
			);
			name = Twitter;
			packageProductDependencies = (
				3268299429EE72AD001E1DB1 /* DPOTPView */,
			);
			productName = Twitter;
			productReference = 322CE91029E91B7B0061BC59 /* Twitter.app */;
			productType = "com.apple.product-type.application";
		};
/* End PBXNativeTarget section */

/* Begin PBXProject section */
		322CE90829E91B7B0061BC59 /* Project object */ = {
			isa = PBXProject;
			attributes = {
				BuildIndependentTargetsInParallel = 1;
				LastSwiftUpdateCheck = 1430;
				LastUpgradeCheck = 1430;
				TargetAttributes = {
					322CE90F29E91B7B0061BC59 = {
						CreatedOnToolsVersion = 14.3;
					};
				};
			};
			buildConfigurationList = 322CE90B29E91B7B0061BC59 /* Build configuration list for PBXProject "Twitter" */;
			compatibilityVersion = "Xcode 14.0";
			developmentRegion = en;
			hasScannedForEncodings = 0;
			knownRegions = (
				en,
				Base,
			);
			mainGroup = 322CE90729E91B7B0061BC59;
			packageReferences = (
				3268299329EE72AD001E1DB1 /* XCRemoteSwiftPackageReference "DPOTPView" */,
			);
			productRefGroup = 322CE91129E91B7B0061BC59 /* Products */;
			projectDirPath = "";
			projectRoot = "";
			targets = (
				322CE90F29E91B7B0061BC59 /* Twitter */,
			);
		};
/* End PBXProject section */

/* Begin PBXResourcesBuildPhase section */
		322CE90E29E91B7B0061BC59 /* Resources */ = {
			isa = PBXResourcesBuildPhase;
			buildActionMask = 2147483647;
			files = (
				322CE92329E91B7C0061BC59 /* LaunchScreen.storyboard in Resources */,
				322CE92029E91B7C0061BC59 /* Assets.xcassets in Resources */,
				322CE91B29E91B7B0061BC59 /* Main.storyboard in Resources */,
			);
			runOnlyForDeploymentPostprocessing = 0;
		};
/* End PBXResourcesBuildPhase section */

/* Begin PBXSourcesBuildPhase section */
		322CE90C29E91B7B0061BC59 /* Sources */ = {
			isa = PBXSourcesBuildPhase;
			buildActionMask = 2147483647;
			files = (
				3268299229EE7254001E1DB1 /* DPOTPView.swift in Sources */,
				322CE91829E91B7B0061BC59 /* ViewController.swift in Sources */,
				322CE91429E91B7B0061BC59 /* AppDelegate.swift in Sources */,
				3268299029EE6126001E1DB1 /* RedioButtonPage.swift in Sources */,
				322CE93129EA80880061BC59 /* CreateAccountPage.swift in Sources */,
				322CE91629E91B7B0061BC59 /* SceneDelegate.swift in Sources */,
				3231C04329EAAFB8001A542D /* SignUpMain.swift in Sources */,
				322CE92D29E9627D0061BC59 /* LoginPage.swift in Sources */,
				322CE91E29E91B7B0061BC59 /* Twitter.xcdatamodeld in Sources */,
				322CE92F29EA76AA0061BC59 /* ForgotPassword.swift in Sources */,
			);
			runOnlyForDeploymentPostprocessing = 0;
		};
/* End PBXSourcesBuildPhase section */

/* Begin PBXVariantGroup section */
		322CE91929E91B7B0061BC59 /* Main.storyboard */ = {
			isa = PBXVariantGroup;
			children = (
				322CE91A29E91B7B0061BC59 /* Base */,
			);
			name = Main.storyboard;
			sourceTree = "<group>";
		};
		322CE92129E91B7C0061BC59 /* LaunchScreen.storyboard */ = {
			isa = PBXVariantGroup;
			children = (
				322CE92229E91B7C0061BC59 /* Base */,
			);
			name = LaunchScreen.storyboard;
			sourceTree = "<group>";
		};
/* End PBXVariantGroup section */

/* Begin XCBuildConfiguration section */
		322CE92529E91B7C0061BC59 /* Debug */ = {
			isa = XCBuildConfiguration;
			buildSettings = {
				ALWAYS_SEARCH_USER_PATHS = NO;
				CLANG_ANALYZER_NONNULL = YES;
				CLANG_ANALYZER_NUMBER_OBJECT_CONVERSION = YES_AGGRESSIVE;
				CLANG_CXX_LANGUAGE_STANDARD = "gnu++20";
				CLANG_ENABLE_MODULES = YES;
				CLANG_ENABLE_OBJC_ARC = YES;
				CLANG_ENABLE_OBJC_WEAK = YES;
				CLANG_WARN_BLOCK_CAPTURE_AUTORELEASING = YES;
				CLANG_WARN_BOOL_CONVERSION = YES;
				CLANG_WARN_COMMA = YES;
				CLANG_WARN_CONSTANT_CONVERSION = YES;
				CLANG_WARN_DEPRECATED_OBJC_IMPLEMENTATIONS = YES;
				CLANG_WARN_DIRECT_OBJC_ISA_USAGE = YES_ERROR;
				CLANG_WARN_DOCUMENTATION_COMMENTS = YES;
				CLANG_WARN_EMPTY_BODY = YES;
				CLANG_WARN_ENUM_CONVERSION = YES;
				CLANG_WARN_INFINITE_RECURSION = YES;
				CLANG_WARN_INT_CONVERSION = YES;
				CLANG_WARN_NON_LITERAL_NULL_CONVERSION = YES;
				CLANG_WARN_OBJC_IMPLICIT_RETAIN_SELF = YES;
				CLANG_WARN_OBJC_LITERAL_CONVERSION = YES;
				CLANG_WARN_OBJC_ROOT_CLASS = YES_ERROR;
				CLANG_WARN_QUOTED_INCLUDE_IN_FRAMEWORK_HEADER = YES;
				CLANG_WARN_RANGE_LOOP_ANALYSIS = YES;
				CLANG_WARN_STRICT_PROTOTYPES = YES;
				CLANG_WARN_SUSPICIOUS_MOVE = YES;
				CLANG_WARN_UNGUARDED_AVAILABILITY = YES_AGGRESSIVE;
				CLANG_WARN_UNREACHABLE_CODE = YES;
				CLANG_WARN__DUPLICATE_METHOD_MATCH = YES;
				COPY_PHASE_STRIP = NO;
				DEBUG_INFORMATION_FORMAT = dwarf;
				ENABLE_STRICT_OBJC_MSGSEND = YES;
				ENABLE_TESTABILITY = YES;
				GCC_C_LANGUAGE_STANDARD = gnu11;
				GCC_DYNAMIC_NO_PIC = NO;
				GCC_NO_COMMON_BLOCKS = YES;
				GCC_OPTIMIZATION_LEVEL = 0;
				GCC_PREPROCESSOR_DEFINITIONS = (
					"DEBUG=1",
					"$(inherited)",
				);
				GCC_WARN_64_TO_32_BIT_CONVERSION = YES;
				GCC_WARN_ABOUT_RETURN_TYPE = YES_ERROR;
				GCC_WARN_UNDECLARED_SELECTOR = YES;
				GCC_WARN_UNINITIALIZED_AUTOS = YES_AGGRESSIVE;
				GCC_WARN_UNUSED_FUNCTION = YES;
				GCC_WARN_UNUSED_VARIABLE = YES;
				IPHONEOS_DEPLOYMENT_TARGET = 16.4;
				MTL_ENABLE_DEBUG_INFO = INCLUDE_SOURCE;
				MTL_FAST_MATH = YES;
				ONLY_ACTIVE_ARCH = YES;
				SDKROOT = iphoneos;
				SWIFT_ACTIVE_COMPILATION_CONDITIONS = DEBUG;
				SWIFT_OPTIMIZATION_LEVEL = "-Onone";
			};
			name = Debug;
		};
		322CE92629E91B7C0061BC59 /* Release */ = {
			isa = XCBuildConfiguration;
			buildSettings = {
				ALWAYS_SEARCH_USER_PATHS = NO;
				CLANG_ANALYZER_NONNULL = YES;
				CLANG_ANALYZER_NUMBER_OBJECT_CONVERSION = YES_AGGRESSIVE;
				CLANG_CXX_LANGUAGE_STANDARD = "gnu++20";
				CLANG_ENABLE_MODULES = YES;
				CLANG_ENABLE_OBJC_ARC = YES;
				CLANG_ENABLE_OBJC_WEAK = YES;
				CLANG_WARN_BLOCK_CAPTURE_AUTORELEASING = YES;
				CLANG_WARN_BOOL_CONVERSION = YES;
				CLANG_WARN_COMMA = YES;
				CLANG_WARN_CONSTANT_CONVERSION = YES;
				CLANG_WARN_DEPRECATED_OBJC_IMPLEMENTATIONS = YES;
				CLANG_WARN_DIRECT_OBJC_ISA_USAGE = YES_ERROR;
				CLANG_WARN_DOCUMENTATION_COMMENTS = YES;
				CLANG_WARN_EMPTY_BODY = YES;
				CLANG_WARN_ENUM_CONVERSION = YES;
				CLANG_WARN_INFINITE_RECURSION = YES;
				CLANG_WARN_INT_CONVERSION = YES;
				CLANG_WARN_NON_LITERAL_NULL_CONVERSION = YES;
				CLANG_WARN_OBJC_IMPLICIT_RETAIN_SELF = YES;
				CLANG_WARN_OBJC_LITERAL_CONVERSION = YES;
				CLANG_WARN_OBJC_ROOT_CLASS = YES_ERROR;
				CLANG_WARN_QUOTED_INCLUDE_IN_FRAMEWORK_HEADER = YES;
				CLANG_WARN_RANGE_LOOP_ANALYSIS = YES;
				CLANG_WARN_STRICT_PROTOTYPES = YES;
				CLANG_WARN_SUSPICIOUS_MOVE = YES;
				CLANG_WARN_UNGUARDED_AVAILABILITY = YES_AGGRESSIVE;
				CLANG_WARN_UNREACHABLE_CODE = YES;
				CLANG_WARN__DUPLICATE_METHOD_MATCH = YES;
				COPY_PHASE_STRIP = NO;
				DEBUG_INFORMATION_FORMAT = "dwarf-with-dsym";
				ENABLE_NS_ASSERTIONS = NO;
				ENABLE_STRICT_OBJC_MSGSEND = YES;
				GCC_C_LANGUAGE_STANDARD = gnu11;
				GCC_NO_COMMON_BLOCKS = YES;
				GCC_WARN_64_TO_32_BIT_CONVERSION = YES;
				GCC_WARN_ABOUT_RETURN_TYPE = YES_ERROR;
				GCC_WARN_UNDECLARED_SELECTOR = YES;
				GCC_WARN_UNINITIALIZED_AUTOS = YES_AGGRESSIVE;
				GCC_WARN_UNUSED_FUNCTION = YES;
				GCC_WARN_UNUSED_VARIABLE = YES;
				IPHONEOS_DEPLOYMENT_TARGET = 16.4;
				MTL_ENABLE_DEBUG_INFO = NO;
				MTL_FAST_MATH = YES;
				SDKROOT = iphoneos;
				SWIFT_COMPILATION_MODE = wholemodule;
				SWIFT_OPTIMIZATION_LEVEL = "-O";
				VALIDATE_PRODUCT = YES;
			};
			name = Release;
		};
		322CE92829E91B7C0061BC59 /* Debug */ = {
			isa = XCBuildConfiguration;
			buildSettings = {
				ASSETCATALOG_COMPILER_APPICON_NAME = AppIcon;
				ASSETCATALOG_COMPILER_GLOBAL_ACCENT_COLOR_NAME = AccentColor;
				CODE_SIGN_STYLE = Automatic;
				CURRENT_PROJECT_VERSION = 1;
				DEVELOPMENT_TEAM = 2AJYX59WG6;
				GENERATE_INFOPLIST_FILE = YES;
				INFOPLIST_FILE = Twitter/Info.plist;
				INFOPLIST_KEY_UIApplicationSupportsIndirectInputEvents = YES;
				INFOPLIST_KEY_UILaunchStoryboardName = LaunchScreen;
				INFOPLIST_KEY_UIMainStoryboardFile = Main;
				INFOPLIST_KEY_UISupportedInterfaceOrientations_iPad = "UIInterfaceOrientationPortrait UIInterfaceOrientationPortraitUpsideDown UIInterfaceOrientationLandscapeLeft UIInterfaceOrientationLandscapeRight";
				INFOPLIST_KEY_UISupportedInterfaceOrientations_iPhone = "UIInterfaceOrientationPortrait UIInterfaceOrientationLandscapeLeft UIInterfaceOrientationLandscapeRight";
				LD_RUNPATH_SEARCH_PATHS = (
					"$(inherited)",
					"@executable_path/Frameworks",
				);
				MARKETING_VERSION = 1.0;
				PRODUCT_BUNDLE_IDENTIFIER = sneh.Twitter;
				PRODUCT_NAME = "$(TARGET_NAME)";
				SWIFT_EMIT_LOC_STRINGS = YES;
				SWIFT_VERSION = 5.0;
				TARGETED_DEVICE_FAMILY = "1,2";
			};
			name = Debug;
		};
		322CE92929E91B7C0061BC59 /* Release */ = {
			isa = XCBuildConfiguration;
			buildSettings = {
				ASSETCATALOG_COMPILER_APPICON_NAME = AppIcon;
				ASSETCATALOG_COMPILER_GLOBAL_ACCENT_COLOR_NAME = AccentColor;
				CODE_SIGN_STYLE = Automatic;
				CURRENT_PROJECT_VERSION = 1;
				DEVELOPMENT_TEAM = 2AJYX59WG6;
				GENERATE_INFOPLIST_FILE = YES;
				INFOPLIST_FILE = Twitter/Info.plist;
				INFOPLIST_KEY_UIApplicationSupportsIndirectInputEvents = YES;
				INFOPLIST_KEY_UILaunchStoryboardName = LaunchScreen;
				INFOPLIST_KEY_UIMainStoryboardFile = Main;
				INFOPLIST_KEY_UISupportedInterfaceOrientations_iPad = "UIInterfaceOrientationPortrait UIInterfaceOrientationPortraitUpsideDown UIInterfaceOrientationLandscapeLeft UIInterfaceOrientationLandscapeRight";
				INFOPLIST_KEY_UISupportedInterfaceOrientations_iPhone = "UIInterfaceOrientationPortrait UIInterfaceOrientationLandscapeLeft UIInterfaceOrientationLandscapeRight";
				LD_RUNPATH_SEARCH_PATHS = (
					"$(inherited)",
					"@executable_path/Frameworks",
				);
				MARKETING_VERSION = 1.0;
				PRODUCT_BUNDLE_IDENTIFIER = sneh.Twitter;
				PRODUCT_NAME = "$(TARGET_NAME)";
				SWIFT_EMIT_LOC_STRINGS = YES;
				SWIFT_VERSION = 5.0;
				TARGETED_DEVICE_FAMILY = "1,2";
			};
			name = Release;
		};
/* End XCBuildConfiguration section */

/* Begin XCConfigurationList section */
		322CE90B29E91B7B0061BC59 /* Build configuration list for PBXProject "Twitter" */ = {
			isa = XCConfigurationList;
			buildConfigurations = (
				322CE92529E91B7C0061BC59 /* Debug */,
				322CE92629E91B7C0061BC59 /* Release */,
			);
			defaultConfigurationIsVisible = 0;
			defaultConfigurationName = Release;
		};
		322CE92729E91B7C0061BC59 /* Build configuration list for PBXNativeTarget "Twitter" */ = {
			isa = XCConfigurationList;
			buildConfigurations = (
				322CE92829E91B7C0061BC59 /* Debug */,
				322CE92929E91B7C0061BC59 /* Release */,
			);
			defaultConfigurationIsVisible = 0;
			defaultConfigurationName = Release;
		};
/* End XCConfigurationList section */

/* Begin XCRemoteSwiftPackageReference section */
		3268299329EE72AD001E1DB1 /* XCRemoteSwiftPackageReference "DPOTPView" */ = {
			isa = XCRemoteSwiftPackageReference;
			repositoryURL = "https://github.com/Datt1994/DPOTPView.git";
			requirement = {
				kind = upToNextMajorVersion;
				minimumVersion = 1.0.0;
			};
		};
/* End XCRemoteSwiftPackageReference section */

/* Begin XCSwiftPackageProductDependency section */
		3268299429EE72AD001E1DB1 /* DPOTPView */ = {
			isa = XCSwiftPackageProductDependency;
			package = 3268299329EE72AD001E1DB1 /* XCRemoteSwiftPackageReference "DPOTPView" */;
			productName = DPOTPView;
		};
/* End XCSwiftPackageProductDependency section */

/* Begin XCVersionGroup section */
		322CE91C29E91B7B0061BC59 /* Twitter.xcdatamodeld */ = {
			isa = XCVersionGroup;
			children = (
				322CE91D29E91B7B0061BC59 /* Twitter.xcdatamodel */,
			);
			currentVersion = 322CE91D29E91B7B0061BC59 /* Twitter.xcdatamodel */;
			path = Twitter.xcdatamodeld;
			sourceTree = "<group>";
			versionGroupType = wrapper.xcdatamodel;
		};
/* End XCVersionGroup section */
	};
	rootObject = 322CE90829E91B7B0061BC59 /* Project object */;
}
